// !$*UTF8*$!
{
	archiveVersion = 1;
	classes = {
	};
	objectVersion = 50;
	objects = {

/* Begin PBXBuildFile section */
		699335A825767DA300D02444 /* CryptosStocksUIApp.swift in Sources */ = {isa = PBXBuildFile; fileRef = 699335A725767DA300D02444 /* CryptosStocksUIApp.swift */; };
		699335AC25767DA400D02444 /* Assets.xcassets in Resources */ = {isa = PBXBuildFile; fileRef = 699335AB25767DA400D02444 /* Assets.xcassets */; };
		699335AF25767DA400D02444 /* Preview Assets.xcassets in Resources */ = {isa = PBXBuildFile; fileRef = 699335AE25767DA400D02444 /* Preview Assets.xcassets */; };
		699335BD257681A600D02444 /* QuotesListView.swift in Sources */ = {isa = PBXBuildFile; fileRef = 699335BC257681A600D02444 /* QuotesListView.swift */; };
		699335C1257681AE00D02444 /* QuoteRowView.swift in Sources */ = {isa = PBXBuildFile; fileRef = 699335C0257681AE00D02444 /* QuoteRowView.swift */; };
		699335C92576827200D02444 /* PortfolioRow.swift in Sources */ = {isa = PBXBuildFile; fileRef = 699335C82576827200D02444 /* PortfolioRow.swift */; };
/* End PBXBuildFile section */

/* Begin PBXFileReference section */
		699335A425767DA300D02444 /* CryptosStocksUI.app */ = {isa = PBXFileReference; explicitFileType = wrapper.application; includeInIndex = 0; path = CryptosStocksUI.app; sourceTree = BUILT_PRODUCTS_DIR; };
		699335A725767DA300D02444 /* CryptosStocksUIApp.swift */ = {isa = PBXFileReference; lastKnownFileType = sourcecode.swift; path = CryptosStocksUIApp.swift; sourceTree = "<group>"; };
		699335AB25767DA400D02444 /* Assets.xcassets */ = {isa = PBXFileReference; lastKnownFileType = folder.assetcatalog; path = Assets.xcassets; sourceTree = "<group>"; };
		699335AE25767DA400D02444 /* Preview Assets.xcassets */ = {isa = PBXFileReference; lastKnownFileType = folder.assetcatalog; path = "Preview Assets.xcassets"; sourceTree = "<group>"; };
		699335B025767DA400D02444 /* Info.plist */ = {isa = PBXFileReference; lastKnownFileType = text.plist.xml; path = Info.plist; sourceTree = "<group>"; };
		699335B725767DAB00D02444 /* CryptosStocksUI.entitlements */ = {isa = PBXFileReference; lastKnownFileType = text.plist.entitlements; path = CryptosStocksUI.entitlements; sourceTree = "<group>"; };
		699335BC257681A600D02444 /* QuotesListView.swift */ = {isa = PBXFileReference; lastKnownFileType = sourcecode.swift; path = QuotesListView.swift; sourceTree = "<group>"; };
		699335C0257681AE00D02444 /* QuoteRowView.swift */ = {isa = PBXFileReference; lastKnownFileType = sourcecode.swift; path = QuoteRowView.swift; sourceTree = "<group>"; };
		699335C82576827200D02444 /* PortfolioRow.swift */ = {isa = PBXFileReference; lastKnownFileType = sourcecode.swift; path = PortfolioRow.swift; sourceTree = "<group>"; };
/* End PBXFileReference section */

/* Begin PBXFrameworksBuildPhase section */
		699335A125767DA300D02444 /* Frameworks */ = {
			isa = PBXFrameworksBuildPhase;
			buildActionMask = 2147483647;
			files = (
			);
			runOnlyForDeploymentPostprocessing = 0;
		};
/* End PBXFrameworksBuildPhase section */

/* Begin PBXGroup section */
		6993359B25767DA300D02444 = {
			isa = PBXGroup;
			children = (
				699335A625767DA300D02444 /* CryptosStocksUI */,
				699335A525767DA300D02444 /* Products */,
			);
			sourceTree = "<group>";
		};
		699335A525767DA300D02444 /* Products */ = {
			isa = PBXGroup;
			children = (
				699335A425767DA300D02444 /* CryptosStocksUI.app */,
			);
			name = Products;
			sourceTree = "<group>";
		};
		699335A625767DA300D02444 /* CryptosStocksUI */ = {
			isa = PBXGroup;
			children = (
				699335A725767DA300D02444 /* CryptosStocksUIApp.swift */,
				699335BB2576819A00D02444 /* Quotes */,
				699335C72576826300D02444 /* Portfolio */,
				699335C4257681DF00D02444 /* Resources */,
				699335AD25767DA400D02444 /* Preview Content */,
			);
			path = CryptosStocksUI;
			sourceTree = "<group>";
		};
		699335AD25767DA400D02444 /* Preview Content */ = {
			isa = PBXGroup;
			children = (
				699335AE25767DA400D02444 /* Preview Assets.xcassets */,
			);
			path = "Preview Content";
			sourceTree = "<group>";
		};
		699335BB2576819A00D02444 /* Quotes */ = {
			isa = PBXGroup;
			children = (
				699335BC257681A600D02444 /* QuotesListView.swift */,
				699335C0257681AE00D02444 /* QuoteRowView.swift */,
			);
			path = Quotes;
			sourceTree = "<group>";
		};
		699335C4257681DF00D02444 /* Resources */ = {
			isa = PBXGroup;
			children = (
				699335B725767DAB00D02444 /* CryptosStocksUI.entitlements */,
				699335AB25767DA400D02444 /* Assets.xcassets */,
				699335B025767DA400D02444 /* Info.plist */,
			);
			path = Resources;
			sourceTree = "<group>";
		};
		699335C72576826300D02444 /* Portfolio */ = {
			isa = PBXGroup;
			children = (
				699335C82576827200D02444 /* PortfolioRow.swift */,
			);
			path = Portfolio;
			sourceTree = "<group>";
		};
/* End PBXGroup section */

/* Begin PBXNativeTarget section */
		699335A325767DA300D02444 /* CryptosStocksUI */ = {
			isa = PBXNativeTarget;
			buildConfigurationList = 699335B325767DA400D02444 /* Build configuration list for PBXNativeTarget "CryptosStocksUI" */;
			buildPhases = (
				699335A025767DA300D02444 /* Sources */,
				699335A125767DA300D02444 /* Frameworks */,
				699335A225767DA300D02444 /* Resources */,
			);
			buildRules = (
			);
			dependencies = (
			);
			name = CryptosStocksUI;
			productName = CryptosStocksUI;
			productReference = 699335A425767DA300D02444 /* CryptosStocksUI.app */;
			productType = "com.apple.product-type.application";
		};
/* End PBXNativeTarget section */

/* Begin PBXProject section */
		6993359C25767DA300D02444 /* Project object */ = {
			isa = PBXProject;
			attributes = {
				LastSwiftUpdateCheck = 1220;
				LastUpgradeCheck = 1220;
				TargetAttributes = {
					699335A325767DA300D02444 = {
						CreatedOnToolsVersion = 12.2;
					};
				};
			};
			buildConfigurationList = 6993359F25767DA300D02444 /* Build configuration list for PBXProject "CryptosStocksUI" */;
			compatibilityVersion = "Xcode 9.3";
			developmentRegion = en;
			hasScannedForEncodings = 0;
			knownRegions = (
				en,
				Base,
			);
			mainGroup = 6993359B25767DA300D02444;
			productRefGroup = 699335A525767DA300D02444 /* Products */;
			projectDirPath = "";
			projectRoot = "";
			targets = (
				699335A325767DA300D02444 /* CryptosStocksUI */,
			);
		};
/* End PBXProject section */

/* Begin PBXResourcesBuildPhase section */
		699335A225767DA300D02444 /* Resources */ = {
			isa = PBXResourcesBuildPhase;
			buildActionMask = 2147483647;
			files = (
				699335AF25767DA400D02444 /* Preview Assets.xcassets in Resources */,
				699335AC25767DA400D02444 /* Assets.xcassets in Resources */,
			);
			runOnlyForDeploymentPostprocessing = 0;
		};
/* End PBXResourcesBuildPhase section */

/* Begin PBXSourcesBuildPhase section */
		699335A025767DA300D02444 /* Sources */ = {
			isa = PBXSourcesBuildPhase;
			buildActionMask = 2147483647;
			files = (
				699335BD257681A600D02444 /* QuotesListView.swift in Sources */,
				699335C1257681AE00D02444 /* QuoteRowView.swift in Sources */,
				699335A825767DA300D02444 /* CryptosStocksUIApp.swift in Sources */,
				699335C92576827200D02444 /* PortfolioRow.swift in Sources */,
			);
			runOnlyForDeploymentPostprocessing = 0;
		};
/* End PBXSourcesBuildPhase section */

/* Begin XCBuildConfiguration section */
		699335B125767DA400D02444 /* Debug */ = {
			isa = XCBuildConfiguration;
			buildSettings = {
				ALWAYS_SEARCH_USER_PATHS = NO;
				CLANG_ANALYZER_NONNULL = YES;
				CLANG_ANALYZER_NUMBER_OBJECT_CONVERSION = YES_AGGRESSIVE;
				CLANG_CXX_LANGUAGE_STANDARD = "gnu++14";
				CLANG_CXX_LIBRARY = "libc++";
				CLANG_ENABLE_MODULES = YES;
				CLANG_ENABLE_OBJC_ARC = YES;
				CLANG_ENABLE_OBJC_WEAK = YES;
				CLANG_WARN_BLOCK_CAPTURE_AUTORELEASING = YES;
				CLANG_WARN_BOOL_CONVERSION = YES;
				CLANG_WARN_COMMA = YES;
				CLANG_WARN_CONSTANT_CONVERSION = YES;
				CLANG_WARN_DEPRECATED_OBJC_IMPLEMENTATIONS = YES;
				CLANG_WARN_DIRECT_OBJC_ISA_USAGE = YES_ERROR;
				CLANG_WARN_DOCUMENTATION_COMMENTS = YES;
				CLANG_WARN_EMPTY_BODY = YES;
				CLANG_WARN_ENUM_CONVERSION = YES;
				CLANG_WARN_INFINITE_RECURSION = YES;
				CLANG_WARN_INT_CONVERSION = YES;
				CLANG_WARN_NON_LITERAL_NULL_CONVERSION = YES;
				CLANG_WARN_OBJC_IMPLICIT_RETAIN_SELF = YES;
				CLANG_WARN_OBJC_LITERAL_CONVERSION = YES;
				CLANG_WARN_OBJC_ROOT_CLASS = YES_ERROR;
				CLANG_WARN_QUOTED_INCLUDE_IN_FRAMEWORK_HEADER = YES;
				CLANG_WARN_RANGE_LOOP_ANALYSIS = YES;
				CLANG_WARN_STRICT_PROTOTYPES = YES;
				CLANG_WARN_SUSPICIOUS_MOVE = YES;
				CLANG_WARN_UNGUARDED_AVAILABILITY = YES_AGGRESSIVE;
				CLANG_WARN_UNREACHABLE_CODE = YES;
				CLANG_WARN__DUPLICATE_METHOD_MATCH = YES;
				COPY_PHASE_STRIP = NO;
				DEBUG_INFORMATION_FORMAT = dwarf;
				ENABLE_STRICT_OBJC_MSGSEND = YES;
				ENABLE_TESTABILITY = YES;
				GCC_C_LANGUAGE_STANDARD = gnu11;
				GCC_DYNAMIC_NO_PIC = NO;
				GCC_NO_COMMON_BLOCKS = YES;
				GCC_OPTIMIZATION_LEVEL = 0;
				GCC_PREPROCESSOR_DEFINITIONS = (
					"DEBUG=1",
					"$(inherited)",
				);
				GCC_WARN_64_TO_32_BIT_CONVERSION = YES;
				GCC_WARN_ABOUT_RETURN_TYPE = YES_ERROR;
				GCC_WARN_UNDECLARED_SELECTOR = YES;
				GCC_WARN_UNINITIALIZED_AUTOS = YES_AGGRESSIVE;
				GCC_WARN_UNUSED_FUNCTION = YES;
				GCC_WARN_UNUSED_VARIABLE = YES;
				IPHONEOS_DEPLOYMENT_TARGET = 14.2;
				MTL_ENABLE_DEBUG_INFO = INCLUDE_SOURCE;
				MTL_FAST_MATH = YES;
				ONLY_ACTIVE_ARCH = YES;
				SDKROOT = iphoneos;
				SWIFT_ACTIVE_COMPILATION_CONDITIONS = DEBUG;
				SWIFT_OPTIMIZATION_LEVEL = "-Onone";
			};
			name = Debug;
		};
		699335B225767DA400D02444 /* Release */ = {
			isa = XCBuildConfiguration;
			buildSettings = {
				ALWAYS_SEARCH_USER_PATHS = NO;
				CLANG_ANALYZER_NONNULL = YES;
				CLANG_ANALYZER_NUMBER_OBJECT_CONVERSION = YES_AGGRESSIVE;
				CLANG_CXX_LANGUAGE_STANDARD = "gnu++14";
				CLANG_CXX_LIBRARY = "libc++";
				CLANG_ENABLE_MODULES = YES;
				CLANG_ENABLE_OBJC_ARC = YES;
				CLANG_ENABLE_OBJC_WEAK = YES;
				CLANG_WARN_BLOCK_CAPTURE_AUTORELEASING = YES;
				CLANG_WARN_BOOL_CONVERSION = YES;
				CLANG_WARN_COMMA = YES;
				CLANG_WARN_CONSTANT_CONVERSION = YES;
				CLANG_WARN_DEPRECATED_OBJC_IMPLEMENTATIONS = YES;
				CLANG_WARN_DIRECT_OBJC_ISA_USAGE = YES_ERROR;
				CLANG_WARN_DOCUMENTATION_COMMENTS = YES;
				CLANG_WARN_EMPTY_BODY = YES;
				CLANG_WARN_ENUM_CONVERSION = YES;
				CLANG_WARN_INFINITE_RECURSION = YES;
				CLANG_WARN_INT_CONVERSION = YES;
				CLANG_WARN_NON_LITERAL_NULL_CONVERSION = YES;
				CLANG_WARN_OBJC_IMPLICIT_RETAIN_SELF = YES;
				CLANG_WARN_OBJC_LITERAL_CONVERSION = YES;
				CLANG_WARN_OBJC_ROOT_CLASS = YES_ERROR;
				CLANG_WARN_QUOTED_INCLUDE_IN_FRAMEWORK_HEADER = YES;
				CLANG_WARN_RANGE_LOOP_ANALYSIS = YES;
				CLANG_WARN_STRICT_PROTOTYPES = YES;
				CLANG_WARN_SUSPICIOUS_MOVE = YES;
				CLANG_WARN_UNGUARDED_AVAILABILITY = YES_AGGRESSIVE;
				CLANG_WARN_UNREACHABLE_CODE = YES;
				CLANG_WARN__DUPLICATE_METHOD_MATCH = YES;
				COPY_PHASE_STRIP = NO;
				DEBUG_INFORMATION_FORMAT = "dwarf-with-dsym";
				ENABLE_NS_ASSERTIONS = NO;
				ENABLE_STRICT_OBJC_MSGSEND = YES;
				GCC_C_LANGUAGE_STANDARD = gnu11;
				GCC_NO_COMMON_BLOCKS = YES;
				GCC_WARN_64_TO_32_BIT_CONVERSION = YES;
				GCC_WARN_ABOUT_RETURN_TYPE = YES_ERROR;
				GCC_WARN_UNDECLARED_SELECTOR = YES;
				GCC_WARN_UNINITIALIZED_AUTOS = YES_AGGRESSIVE;
				GCC_WARN_UNUSED_FUNCTION = YES;
				GCC_WARN_UNUSED_VARIABLE = YES;
				IPHONEOS_DEPLOYMENT_TARGET = 14.2;
				MTL_ENABLE_DEBUG_INFO = NO;
				MTL_FAST_MATH = YES;
				SDKROOT = iphoneos;
				SWIFT_COMPILATION_MODE = wholemodule;
				SWIFT_OPTIMIZATION_LEVEL = "-O";
				VALIDATE_PRODUCT = YES;
			};
			name = Release;
		};
		699335B425767DA400D02444 /* Debug */ = {
			isa = XCBuildConfiguration;
			buildSettings = {
				ASSETCATALOG_COMPILER_APPICON_NAME = AppIcon;
				ASSETCATALOG_COMPILER_GLOBAL_ACCENT_COLOR_NAME = AccentColor;
				CODE_SIGN_ENTITLEMENTS = CryptosStocksUI/CryptosStocksUI.entitlements;
				CODE_SIGN_STYLE = Automatic;
				DEVELOPMENT_ASSET_PATHS = "\"CryptosStocksUI/Preview Content\"";
				DEVELOPMENT_TEAM = Z6P74P6T99;
				ENABLE_PREVIEWS = YES;
				INFOPLIST_FILE = CryptosStocksUI/Resources/Info.plist;
				IPHONEOS_DEPLOYMENT_TARGET = 14.0;
				"IPHONEOS_DEPLOYMENT_TARGET[sdk=macosx*]" = 14.2;
				LD_RUNPATH_SEARCH_PATHS = (
					"$(inherited)",
					"@executable_path/Frameworks",
				);
				PRODUCT_BUNDLE_IDENTIFIER = com.thomasricouard.CryptosStocksUI;
				PRODUCT_NAME = "$(TARGET_NAME)";
				SUPPORTS_MACCATALYST = YES;
				SWIFT_VERSION = 5.0;
				TARGETED_DEVICE_FAMILY = "1,2,6";
			};
			name = Debug;
		};
		699335B525767DA400D02444 /* Release */ = {
			isa = XCBuildConfiguration;
			buildSettings = {
				ASSETCATALOG_COMPILER_APPICON_NAME = AppIcon;
				ASSETCATALOG_COMPILER_GLOBAL_ACCENT_COLOR_NAME = AccentColor;
				CODE_SIGN_ENTITLEMENTS = CryptosStocksUI/CryptosStocksUI.entitlements;
				CODE_SIGN_STYLE = Automatic;
				DEVELOPMENT_ASSET_PATHS = "\"CryptosStocksUI/Preview Content\"";
				DEVELOPMENT_TEAM = Z6P74P6T99;
				ENABLE_PREVIEWS = YES;
				INFOPLIST_FILE = CryptosStocksUI/Resources/Info.plist;
				IPHONEOS_DEPLOYMENT_TARGET = 14.0;
				"IPHONEOS_DEPLOYMENT_TARGET[sdk=macosx*]" = 14.2;
				LD_RUNPATH_SEARCH_PATHS = (
					"$(inherited)",
					"@executable_path/Frameworks",
				);
				PRODUCT_BUNDLE_IDENTIFIER = com.thomasricouard.CryptosStocksUI;
				PRODUCT_NAME = "$(TARGET_NAME)";
				SUPPORTS_MACCATALYST = YES;
				SWIFT_VERSION = 5.0;
				TARGETED_DEVICE_FAMILY = "1,2,6";
			};
			name = Release;
		};
/* End XCBuildConfiguration section */

/* Begin XCConfigurationList section */
		6993359F25767DA300D02444 /* Build configuration list for PBXProject "CryptosStocksUI" */ = {
			isa = XCConfigurationList;
			buildConfigurations = (
				699335B125767DA400D02444 /* Debug */,
				699335B225767DA400D02444 /* Release */,
			);
			defaultConfigurationIsVisible = 0;
			defaultConfigurationName = Release;
		};
		699335B325767DA400D02444 /* Build configuration list for PBXNativeTarget "CryptosStocksUI" */ = {
			isa = XCConfigurationList;
			buildConfigurations = (
				699335B425767DA400D02444 /* Debug */,
				699335B525767DA400D02444 /* Release */,
			);
			defaultConfigurationIsVisible = 0;
			defaultConfigurationName = Release;
		};
/* End XCConfigurationList section */
	};
	rootObject = 6993359C25767DA300D02444 /* Project object */;
}
